
Microsoft Visual Studio Solution File, Format Version 12.00
# Visual Studio Version 17
VisualStudioVersion = 17.5.33516.290
MinimumVisualStudioVersion = 10.0.40219.1
Project("{9A19103F-16F7-4668-BE54-9A1E7A4F7556}") = "ApiBanco", "ApiBanco\ApiBanco.csproj", "{32ED3902-42A6-431C-8575-AFFC47927468}"
EndProject
Project("{9A19103F-16F7-4668-BE54-9A1E7A4F7556}") = "User.Data", "User.Data\User.Data.csproj", "{DA47BC06-4690-49F4-AE6E-207034C10015}"
EndProject
Project("{9A19103F-16F7-4668-BE54-9A1E7A4F7556}") = "ApiBanco.Bussines", "ApiBanco.Bussines\ApiBanco.Bussines.csproj", "{7F8AD2F4-87F5-40A0-86A5-40E63D8FE27E}"
EndProject
Project("{FAE04EC0-301F-11D3-BF4B-00C04F79EFBC}") = "BancoAppWeb", "BancoAppWeb\BancoAppWeb.csproj", "{3DE5658F-A5BB-4224-84AC-DED84706BB5E}"
EndProject
Global
	GlobalSection(SolutionConfigurationPlatforms) = preSolution
		Debug|Any CPU = Debug|Any CPU
		Release|Any CPU = Release|Any CPU
	EndGlobalSection
	GlobalSection(ProjectConfigurationPlatforms) = postSolution
		{32ED3902-42A6-431C-8575-AFFC47927468}.Debug|Any CPU.ActiveCfg = Debug|Any CPU
		{32ED3902-42A6-431C-8575-AFFC47927468}.Debug|Any CPU.Build.0 = Debug|Any CPU
		{32ED3902-42A6-431C-8575-AFFC47927468}.Release|Any CPU.ActiveCfg = Release|Any CPU
		{32ED3902-42A6-431C-8575-AFFC47927468}.Release|Any CPU.Build.0 = Release|Any CPU
		{DA47BC06-4690-49F4-AE6E-207034C10015}.Debug|Any CPU.ActiveCfg = Debug|Any CPU
		{DA47BC06-4690-49F4-AE6E-207034C10015}.Debug|Any CPU.Build.0 = Debug|Any CPU
		{DA47BC06-4690-49F4-AE6E-207034C10015}.Release|Any CPU.ActiveCfg = Release|Any CPU
		{DA47BC06-4690-49F4-AE6E-207034C10015}.Release|Any CPU.Build.0 = Release|Any CPU
		{7F8AD2F4-87F5-40A0-86A5-40E63D8FE27E}.Debug|Any CPU.ActiveCfg = Debug|Any CPU
		{7F8AD2F4-87F5-40A0-86A5-40E63D8FE27E}.Debug|Any CPU.Build.0 = Debug|Any CPU
		{7F8AD2F4-87F5-40A0-86A5-40E63D8FE27E}.Release|Any CPU.ActiveCfg = Release|Any CPU
		{7F8AD2F4-87F5-40A0-86A5-40E63D8FE27E}.Release|Any CPU.Build.0 = Release|Any CPU
		{3DE5658F-A5BB-4224-84AC-DED84706BB5E}.Debug|Any CPU.ActiveCfg = Debug|Any CPU
		{3DE5658F-A5BB-4224-84AC-DED84706BB5E}.Debug|Any CPU.Build.0 = Debug|Any CPU
		{3DE5658F-A5BB-4224-84AC-DED84706BB5E}.Release|Any CPU.ActiveCfg = Release|Any CPU
		{3DE5658F-A5BB-4224-84AC-DED84706BB5E}.Release|Any CPU.Build.0 = Release|Any CPU
	EndGlobalSection
	GlobalSection(SolutionProperties) = preSolution
		HideSolutionNode = FALSE
	EndGlobalSection
	GlobalSection(ExtensibilityGlobals) = postSolution
		SolutionGuid = {2E5A7287-D5E8-419C-B6E7-06D48D65E08B}
	EndGlobalSection
EndGlobal
